
Microsoft Visual Studio Solution File, Format Version 12.00
# Visual Studio Version 17
VisualStudioVersion = 17.8.34525.116
MinimumVisualStudioVersion = 10.0.40219.1
Project("{FAE04EC0-301F-11D3-BF4B-00C04F79EFBC}") = "Courier delivery service PRJ", "Courier delivery service PRJ\Courier delivery service PRJ.csproj", "{4759E48E-28C0-4CD1-9B56-48552E764679}"
EndProject
Global
	GlobalSection(SolutionConfigurationPlatforms) = preSolution
		Debug|Any CPU = Debug|Any CPU
		Release|Any CPU = Release|Any CPU
	EndGlobalSection
	GlobalSection(ProjectConfigurationPlatforms) = postSolution
		{4759E48E-28C0-4CD1-9B56-48552E764679}.Debug|Any CPU.ActiveCfg = Debug|Any CPU
		{4759E48E-28C0-4CD1-9B56-48552E764679}.Debug|Any CPU.Build.0 = Debug|Any CPU
		{4759E48E-28C0-4CD1-9B56-48552E764679}.Release|Any CPU.ActiveCfg = Release|Any CPU
		{4759E48E-28C0-4CD1-9B56-48552E764679}.Release|Any CPU.Build.0 = Release|Any CPU
	EndGlobalSection
	GlobalSection(SolutionProperties) = preSolution
		HideSolutionNode = FALSE
	EndGlobalSection
	GlobalSection(ExtensibilityGlobals) = postSolution
		SolutionGuid = {CE919215-3D45-46D6-8FED-F584B4B7D958}
	EndGlobalSection
EndGlobal
